// !$*UTF8*$!
{
	archiveVersion = 1;
	classes = {
	};
	objectVersion = 55;
	objects = {

/* Begin PBXBuildFile section */
		32126314275C69F700C8AF91 /* AppDelegate.swift in Sources */ = {isa = PBXBuildFile; fileRef = 32126313275C69F700C8AF91 /* AppDelegate.swift */; };
		32126316275C69F700C8AF91 /* SceneDelegate.swift in Sources */ = {isa = PBXBuildFile; fileRef = 32126315275C69F700C8AF91 /* SceneDelegate.swift */; };
		32126318275C69F700C8AF91 /* ViewController.swift in Sources */ = {isa = PBXBuildFile; fileRef = 32126317275C69F700C8AF91 /* ViewController.swift */; };
		3212631B275C69F700C8AF91 /* Main.storyboard in Resources */ = {isa = PBXBuildFile; fileRef = 32126319275C69F700C8AF91 /* Main.storyboard */; };
		3212631D275C69F900C8AF91 /* Assets.xcassets in Resources */ = {isa = PBXBuildFile; fileRef = 3212631C275C69F900C8AF91 /* Assets.xcassets */; };
		32126320275C69F900C8AF91 /* LaunchScreen.storyboard in Resources */ = {isa = PBXBuildFile; fileRef = 3212631E275C69F900C8AF91 /* LaunchScreen.storyboard */; };
		321835DF27601A1A00DF4119 /* ExPKHUD.storyboard in Resources */ = {isa = PBXBuildFile; fileRef = 321835DE27601A1A00DF4119 /* ExPKHUD.storyboard */; };
		321835E127601A2900DF4119 /* ExPKHUDViewController.swift in Sources */ = {isa = PBXBuildFile; fileRef = 321835E027601A2900DF4119 /* ExPKHUDViewController.swift */; };
		32324548275C740600AE4C39 /* Ex1Model.swift in Sources */ = {isa = PBXBuildFile; fileRef = 32324547275C740600AE4C39 /* Ex1Model.swift */; };
		325ABCE12766B47E0085257B /* Calculation.storyboard in Resources */ = {isa = PBXBuildFile; fileRef = 325ABCE02766B47E0085257B /* Calculation.storyboard */; };
		325ABCE32766B49D0085257B /* CalculationViewController.swift in Sources */ = {isa = PBXBuildFile; fileRef = 325ABCE22766B49D0085257B /* CalculationViewController.swift */; };
		325ABCE7276805280085257B /* ModalViewController.swift in Sources */ = {isa = PBXBuildFile; fileRef = 325ABCE6276805280085257B /* ModalViewController.swift */; };
		325ABCE9276805AB0085257B /* ExModalViewController.swift in Sources */ = {isa = PBXBuildFile; fileRef = 325ABCE8276805AB0085257B /* ExModalViewController.swift */; };
		325ABCEB276805FE0085257B /* ExModalView.storyboard in Resources */ = {isa = PBXBuildFile; fileRef = 325ABCEA276805FE0085257B /* ExModalView.storyboard */; };
		325ABCEF2769545F0085257B /* SideMenu.storyboard in Resources */ = {isa = PBXBuildFile; fileRef = 325ABCEE2769545F0085257B /* SideMenu.storyboard */; };
		325ABCF1276954920085257B /* SIdeMenuTableViewController.swift in Sources */ = {isa = PBXBuildFile; fileRef = 325ABCF0276954920085257B /* SIdeMenuTableViewController.swift */; };
		329D4A8327647BF100838415 /* Ex3Model.swift in Sources */ = {isa = PBXBuildFile; fileRef = 329D4A8227647BF100838415 /* Ex3Model.swift */; };
		32A2FB68275ED07D00ACD5D2 /* Ex2Model.swift in Sources */ = {isa = PBXBuildFile; fileRef = 32A2FB67275ED07D00ACD5D2 /* Ex2Model.swift */; };
		46977433A0BD1A9406B0E1B3 /* libPods-SampleExT1.a in Frameworks */ = {isa = PBXBuildFile; fileRef = 20E54A6399050F1FBCA04EA8 /* libPods-SampleExT1.a */; };
/* End PBXBuildFile section */

/* Begin PBXFileReference section */
		20E54A6399050F1FBCA04EA8 /* libPods-SampleExT1.a */ = {isa = PBXFileReference; explicitFileType = archive.ar; includeInIndex = 0; path = "libPods-SampleExT1.a"; sourceTree = BUILT_PRODUCTS_DIR; };
		32126310275C69F700C8AF91 /* SampleExT1.app */ = {isa = PBXFileReference; explicitFileType = wrapper.application; includeInIndex = 0; path = SampleExT1.app; sourceTree = BUILT_PRODUCTS_DIR; };
		32126313275C69F700C8AF91 /* AppDelegate.swift */ = {isa = PBXFileReference; lastKnownFileType = sourcecode.swift; path = AppDelegate.swift; sourceTree = "<group>"; };
		32126315275C69F700C8AF91 /* SceneDelegate.swift */ = {isa = PBXFileReference; lastKnownFileType = sourcecode.swift; path = SceneDelegate.swift; sourceTree = "<group>"; };
		32126317275C69F700C8AF91 /* ViewController.swift */ = {isa = PBXFileReference; lastKnownFileType = sourcecode.swift; path = ViewController.swift; sourceTree = "<group>"; };
		3212631A275C69F700C8AF91 /* Base */ = {isa = PBXFileReference; lastKnownFileType = file.storyboard; name = Base; path = Base.lproj/Main.storyboard; sourceTree = "<group>"; };
		3212631C275C69F900C8AF91 /* Assets.xcassets */ = {isa = PBXFileReference; lastKnownFileType = folder.assetcatalog; path = Assets.xcassets; sourceTree = "<group>"; };
		3212631F275C69F900C8AF91 /* Base */ = {isa = PBXFileReference; lastKnownFileType = file.storyboard; name = Base; path = Base.lproj/LaunchScreen.storyboard; sourceTree = "<group>"; };
		32126321275C69F900C8AF91 /* Info.plist */ = {isa = PBXFileReference; lastKnownFileType = text.plist.xml; path = Info.plist; sourceTree = "<group>"; };
		321835DE27601A1A00DF4119 /* ExPKHUD.storyboard */ = {isa = PBXFileReference; lastKnownFileType = file.storyboard; path = ExPKHUD.storyboard; sourceTree = "<group>"; };
		321835E027601A2900DF4119 /* ExPKHUDViewController.swift */ = {isa = PBXFileReference; lastKnownFileType = sourcecode.swift; path = ExPKHUDViewController.swift; sourceTree = "<group>"; };
		32324547275C740600AE4C39 /* Ex1Model.swift */ = {isa = PBXFileReference; lastKnownFileType = sourcecode.swift; path = Ex1Model.swift; sourceTree = "<group>"; };
		325ABCE02766B47E0085257B /* Calculation.storyboard */ = {isa = PBXFileReference; lastKnownFileType = file.storyboard; path = Calculation.storyboard; sourceTree = "<group>"; };
		325ABCE22766B49D0085257B /* CalculationViewController.swift */ = {isa = PBXFileReference; lastKnownFileType = sourcecode.swift; path = CalculationViewController.swift; sourceTree = "<group>"; };
		325ABCE6276805280085257B /* ModalViewController.swift */ = {isa = PBXFileReference; lastKnownFileType = sourcecode.swift; path = ModalViewController.swift; sourceTree = "<group>"; };
		325ABCE8276805AB0085257B /* ExModalViewController.swift */ = {isa = PBXFileReference; lastKnownFileType = sourcecode.swift; path = ExModalViewController.swift; sourceTree = "<group>"; };
		325ABCEA276805FE0085257B /* ExModalView.storyboard */ = {isa = PBXFileReference; lastKnownFileType = file.storyboard; path = ExModalView.storyboard; sourceTree = "<group>"; };
		325ABCEE2769545F0085257B /* SideMenu.storyboard */ = {isa = PBXFileReference; lastKnownFileType = file.storyboard; path = SideMenu.storyboard; sourceTree = "<group>"; };
		325ABCF0276954920085257B /* SIdeMenuTableViewController.swift */ = {isa = PBXFileReference; lastKnownFileType = sourcecode.swift; path = SIdeMenuTableViewController.swift; sourceTree = "<group>"; };
		329D4A8227647BF100838415 /* Ex3Model.swift */ = {isa = PBXFileReference; lastKnownFileType = sourcecode.swift; path = Ex3Model.swift; sourceTree = "<group>"; };
		32A2FB67275ED07D00ACD5D2 /* Ex2Model.swift */ = {isa = PBXFileReference; lastKnownFileType = sourcecode.swift; path = Ex2Model.swift; sourceTree = "<group>"; };
		EEB934876563AAA271B4DA00 /* Pods-SampleExT1.debug.xcconfig */ = {isa = PBXFileReference; includeInIndex = 1; lastKnownFileType = text.xcconfig; name = "Pods-SampleExT1.debug.xcconfig"; path = "Target Support Files/Pods-SampleExT1/Pods-SampleExT1.debug.xcconfig"; sourceTree = "<group>"; };
		FB2C5B6BDAB4BEDD67B0954F /* Pods-SampleExT1.release.xcconfig */ = {isa = PBXFileReference; includeInIndex = 1; lastKnownFileType = text.xcconfig; name = "Pods-SampleExT1.release.xcconfig"; path = "Target Support Files/Pods-SampleExT1/Pods-SampleExT1.release.xcconfig"; sourceTree = "<group>"; };
/* End PBXFileReference section */

/* Begin PBXFrameworksBuildPhase section */
		3212630D275C69F700C8AF91 /* Frameworks */ = {
			isa = PBXFrameworksBuildPhase;
			buildActionMask = 2147483647;
			files = (
				46977433A0BD1A9406B0E1B3 /* libPods-SampleExT1.a in Frameworks */,
			);
			runOnlyForDeploymentPostprocessing = 0;
		};
/* End PBXFrameworksBuildPhase section */

/* Begin PBXGroup section */
		32126307275C69F700C8AF91 = {
			isa = PBXGroup;
			children = (
				32126312275C69F700C8AF91 /* SampleExT1 */,
				32126311275C69F700C8AF91 /* Products */,
				F6D59909AE5455C3F8AD9E06 /* Pods */,
				52437F43407FE1B5CF3A58D3 /* Frameworks */,
			);
			sourceTree = "<group>";
		};
		32126311275C69F700C8AF91 /* Products */ = {
			isa = PBXGroup;
			children = (
				32126310275C69F700C8AF91 /* SampleExT1.app */,
			);
			name = Products;
			sourceTree = "<group>";
		};
		32126312275C69F700C8AF91 /* SampleExT1 */ = {
			isa = PBXGroup;
			children = (
				325ABCDF2766B4560085257B /* Main */,
				32A2FB64275EC6B800ACD5D2 /* Example */,
				325ABCEC2769537A0085257B /* SideMenu */,
				325ABCE4276804730085257B /* PanModal */,
				321835DC276019F500DF4119 /* ExPKHUD */,
				32126313275C69F700C8AF91 /* AppDelegate.swift */,
				32126315275C69F700C8AF91 /* SceneDelegate.swift */,
				3212631C275C69F900C8AF91 /* Assets.xcassets */,
				3212631E275C69F900C8AF91 /* LaunchScreen.storyboard */,
				32126321275C69F900C8AF91 /* Info.plist */,
			);
			path = SampleExT1;
			sourceTree = "<group>";
		};
		321835DC276019F500DF4119 /* ExPKHUD */ = {
			isa = PBXGroup;
			children = (
				321835DD27601A0600DF4119 /* View */,
			);
			path = ExPKHUD;
			sourceTree = "<group>";
		};
		321835DD27601A0600DF4119 /* View */ = {
			isa = PBXGroup;
			children = (
				321835DE27601A1A00DF4119 /* ExPKHUD.storyboard */,
				321835E027601A2900DF4119 /* ExPKHUDViewController.swift */,
			);
			path = View;
			sourceTree = "<group>";
		};
		32324549275C745F00AE4C39 /* Model */ = {
			isa = PBXGroup;
			children = (
				32324547275C740600AE4C39 /* Ex1Model.swift */,
				32A2FB67275ED07D00ACD5D2 /* Ex2Model.swift */,
				329D4A8227647BF100838415 /* Ex3Model.swift */,
			);
			path = Model;
			sourceTree = "<group>";
		};
		3232454A275C746900AE4C39 /* View */ = {
			isa = PBXGroup;
			children = (
				325ABCE02766B47E0085257B /* Calculation.storyboard */,
				325ABCE22766B49D0085257B /* CalculationViewController.swift */,
			);
			path = View;
			sourceTree = "<group>";
		};
		325ABCDF2766B4560085257B /* Main */ = {
			isa = PBXGroup;
			children = (
				32126319275C69F700C8AF91 /* Main.storyboard */,
				32126317275C69F700C8AF91 /* ViewController.swift */,
			);
			path = Main;
			sourceTree = "<group>";
		};
		325ABCE4276804730085257B /* PanModal */ = {
			isa = PBXGroup;
			children = (
				325ABCE5276805070085257B /* View */,
			);
			path = PanModal;
			sourceTree = "<group>";
		};
		325ABCE5276805070085257B /* View */ = {
			isa = PBXGroup;
			children = (
				325ABCE6276805280085257B /* ModalViewController.swift */,
				325ABCE8276805AB0085257B /* ExModalViewController.swift */,
				325ABCEA276805FE0085257B /* ExModalView.storyboard */,
			);
			path = View;
			sourceTree = "<group>";
		};
		325ABCEC2769537A0085257B /* SideMenu */ = {
			isa = PBXGroup;
			children = (
				325ABCED276953E30085257B /* View */,
			);
			path = SideMenu;
			sourceTree = "<group>";
		};
		325ABCED276953E30085257B /* View */ = {
			isa = PBXGroup;
			children = (
				325ABCEE2769545F0085257B /* SideMenu.storyboard */,
				325ABCF0276954920085257B /* SIdeMenuTableViewController.swift */,
			);
			path = View;
			sourceTree = "<group>";
		};
		32A2FB64275EC6B800ACD5D2 /* Example */ = {
			isa = PBXGroup;
			children = (
				32324549275C745F00AE4C39 /* Model */,
				3232454A275C746900AE4C39 /* View */,
			);
			path = Example;
			sourceTree = "<group>";
		};
		52437F43407FE1B5CF3A58D3 /* Frameworks */ = {
			isa = PBXGroup;
			children = (
				20E54A6399050F1FBCA04EA8 /* libPods-SampleExT1.a */,
			);
			name = Frameworks;
			sourceTree = "<group>";
		};
		F6D59909AE5455C3F8AD9E06 /* Pods */ = {
			isa = PBXGroup;
			children = (
				EEB934876563AAA271B4DA00 /* Pods-SampleExT1.debug.xcconfig */,
				FB2C5B6BDAB4BEDD67B0954F /* Pods-SampleExT1.release.xcconfig */,
			);
			path = Pods;
			sourceTree = "<group>";
		};
/* End PBXGroup section */

/* Begin PBXNativeTarget section */
		3212630F275C69F700C8AF91 /* SampleExT1 */ = {
			isa = PBXNativeTarget;
			buildConfigurationList = 32126324275C69F900C8AF91 /* Build configuration list for PBXNativeTarget "SampleExT1" */;
			buildPhases = (
				84BAFAF244B0B44AA8C48E1B /* [CP] Check Pods Manifest.lock */,
				3212630C275C69F700C8AF91 /* Sources */,
				3212630D275C69F700C8AF91 /* Frameworks */,
				3212630E275C69F700C8AF91 /* Resources */,
				56F6FBA2B6A48CFAE15F4011 /* [CP] Copy Pods Resources */,
			);
			buildRules = (
			);
			dependencies = (
			);
			name = SampleExT1;
			productName = SampleExT1;
			productReference = 32126310275C69F700C8AF91 /* SampleExT1.app */;
			productType = "com.apple.product-type.application";
		};
/* End PBXNativeTarget section */

/* Begin PBXProject section */
		32126308275C69F700C8AF91 /* Project object */ = {
			isa = PBXProject;
			attributes = {
				BuildIndependentTargetsInParallel = 1;
				LastSwiftUpdateCheck = 1310;
				LastUpgradeCheck = 1310;
				TargetAttributes = {
					3212630F275C69F700C8AF91 = {
						CreatedOnToolsVersion = 13.1;
					};
				};
			};
			buildConfigurationList = 3212630B275C69F700C8AF91 /* Build configuration list for PBXProject "SampleExT1" */;
			compatibilityVersion = "Xcode 13.0";
			developmentRegion = en;
			hasScannedForEncodings = 0;
			knownRegions = (
				en,
				Base,
			);
			mainGroup = 32126307275C69F700C8AF91;
			productRefGroup = 32126311275C69F700C8AF91 /* Products */;
			projectDirPath = "";
			projectRoot = "";
			targets = (
				3212630F275C69F700C8AF91 /* SampleExT1 */,
			);
		};
/* End PBXProject section */

/* Begin PBXResourcesBuildPhase section */
		3212630E275C69F700C8AF91 /* Resources */ = {
			isa = PBXResourcesBuildPhase;
			buildActionMask = 2147483647;
			files = (
				325ABCE12766B47E0085257B /* Calculation.storyboard in Resources */,
				32126320275C69F900C8AF91 /* LaunchScreen.storyboard in Resources */,
				325ABCEB276805FE0085257B /* ExModalView.storyboard in Resources */,
				321835DF27601A1A00DF4119 /* ExPKHUD.storyboard in Resources */,
				3212631D275C69F900C8AF91 /* Assets.xcassets in Resources */,
				3212631B275C69F700C8AF91 /* Main.storyboard in Resources */,
				325ABCEF2769545F0085257B /* SideMenu.storyboard in Resources */,
			);
			runOnlyForDeploymentPostprocessing = 0;
		};
/* End PBXResourcesBuildPhase section */

/* Begin PBXShellScriptBuildPhase section */
		56F6FBA2B6A48CFAE15F4011 /* [CP] Copy Pods Resources */ = {
			isa = PBXShellScriptBuildPhase;
			buildActionMask = 2147483647;
			files = (
			);
			inputFileListPaths = (
				"${PODS_ROOT}/Target Support Files/Pods-SampleExT1/Pods-SampleExT1-resources-${CONFIGURATION}-input-files.xcfilelist",
			);
			name = "[CP] Copy Pods Resources";
			outputFileListPaths = (
				"${PODS_ROOT}/Target Support Files/Pods-SampleExT1/Pods-SampleExT1-resources-${CONFIGURATION}-output-files.xcfilelist",
			);
			runOnlyForDeploymentPostprocessing = 0;
			shellPath = /bin/sh;
			shellScript = "\"${PODS_ROOT}/Target Support Files/Pods-SampleExT1/Pods-SampleExT1-resources.sh\"\n";
			showEnvVarsInLog = 0;
		};
		84BAFAF244B0B44AA8C48E1B /* [CP] Check Pods Manifest.lock */ = {
			isa = PBXShellScriptBuildPhase;
			buildActionMask = 2147483647;
			files = (
			);
			inputFileListPaths = (
			);
			inputPaths = (
				"${PODS_PODFILE_DIR_PATH}/Podfile.lock",
				"${PODS_ROOT}/Manifest.lock",
			);
			name = "[CP] Check Pods Manifest.lock";
			outputFileListPaths = (
			);
			outputPaths = (
				"$(DERIVED_FILE_DIR)/Pods-SampleExT1-checkManifestLockResult.txt",
			);
			runOnlyForDeploymentPostprocessing = 0;
			shellPath = /bin/sh;
			shellScript = "diff \"${PODS_PODFILE_DIR_PATH}/Podfile.lock\" \"${PODS_ROOT}/Manifest.lock\" > /dev/null\nif [ $? != 0 ] ; then\n    # print error to STDERR\n    echo \"error: The sandbox is not in sync with the Podfile.lock. Run 'pod install' or update your CocoaPods installation.\" >&2\n    exit 1\nfi\n# This output is used by Xcode 'outputs' to avoid re-running this script phase.\necho \"SUCCESS\" > \"${SCRIPT_OUTPUT_FILE_0}\"\n";
			showEnvVarsInLog = 0;
		};
/* End PBXShellScriptBuildPhase section */

/* Begin PBXSourcesBuildPhase section */
		3212630C275C69F700C8AF91 /* Sources */ = {
			isa = PBXSourcesBuildPhase;
			buildActionMask = 2147483647;
			files = (
				325ABCE32766B49D0085257B /* CalculationViewController.swift in Sources */,
				32324548275C740600AE4C39 /* Ex1Model.swift in Sources */,
				329D4A8327647BF100838415 /* Ex3Model.swift in Sources */,
				32126318275C69F700C8AF91 /* ViewController.swift in Sources */,
				325ABCF1276954920085257B /* SIdeMenuTableViewController.swift in Sources */,
				32A2FB68275ED07D00ACD5D2 /* Ex2Model.swift in Sources */,
				321835E127601A2900DF4119 /* ExPKHUDViewController.swift in Sources */,
				32126314275C69F700C8AF91 /* AppDelegate.swift in Sources */,
				325ABCE9276805AB0085257B /* ExModalViewController.swift in Sources */,
				325ABCE7276805280085257B /* ModalViewController.swift in Sources */,
				32126316275C69F700C8AF91 /* SceneDelegate.swift in Sources */,
			);
			runOnlyForDeploymentPostprocessing = 0;
		};
/* End PBXSourcesBuildPhase section */

/* Begin PBXVariantGroup section */
		32126319275C69F700C8AF91 /* Main.storyboard */ = {
			isa = PBXVariantGroup;
			children = (
				3212631A275C69F700C8AF91 /* Base */,
			);
			name = Main.storyboard;
			sourceTree = "<group>";
		};
		3212631E275C69F900C8AF91 /* LaunchScreen.storyboard */ = {
			isa = PBXVariantGroup;
			children = (
				3212631F275C69F900C8AF91 /* Base */,
			);
			name = LaunchScreen.storyboard;
			sourceTree = "<group>";
		};
/* End PBXVariantGroup section */

/* Begin XCBuildConfiguration section */
		32126322275C69F900C8AF91 /* Debug */ = {
			isa = XCBuildConfiguration;
			buildSettings = {
				ALWAYS_SEARCH_USER_PATHS = NO;
				CLANG_ANALYZER_NONNULL = YES;
				CLANG_ANALYZER_NUMBER_OBJECT_CONVERSION = YES_AGGRESSIVE;
				CLANG_CXX_LANGUAGE_STANDARD = "gnu++17";
				CLANG_CXX_LIBRARY = "libc++";
				CLANG_ENABLE_MODULES = YES;
				CLANG_ENABLE_OBJC_ARC = YES;
				CLANG_ENABLE_OBJC_WEAK = YES;
				CLANG_WARN_BLOCK_CAPTURE_AUTORELEASING = YES;
				CLANG_WARN_BOOL_CONVERSION = YES;
				CLANG_WARN_COMMA = YES;
				CLANG_WARN_CONSTANT_CONVERSION = YES;
				CLANG_WARN_DEPRECATED_OBJC_IMPLEMENTATIONS = YES;
				CLANG_WARN_DIRECT_OBJC_ISA_USAGE = YES_ERROR;
				CLANG_WARN_DOCUMENTATION_COMMENTS = YES;
				CLANG_WARN_EMPTY_BODY = YES;
				CLANG_WARN_ENUM_CONVERSION = YES;
				CLANG_WARN_INFINITE_RECURSION = YES;
				CLANG_WARN_INT_CONVERSION = YES;
				CLANG_WARN_NON_LITERAL_NULL_CONVERSION = YES;
				CLANG_WARN_OBJC_IMPLICIT_RETAIN_SELF = YES;
				CLANG_WARN_OBJC_LITERAL_CONVERSION = YES;
				CLANG_WARN_OBJC_ROOT_CLASS = YES_ERROR;
				CLANG_WARN_QUOTED_INCLUDE_IN_FRAMEWORK_HEADER = YES;
				CLANG_WARN_RANGE_LOOP_ANALYSIS = YES;
				CLANG_WARN_STRICT_PROTOTYPES = YES;
				CLANG_WARN_SUSPICIOUS_MOVE = YES;
				CLANG_WARN_UNGUARDED_AVAILABILITY = YES_AGGRESSIVE;
				CLANG_WARN_UNREACHABLE_CODE = YES;
				CLANG_WARN__DUPLICATE_METHOD_MATCH = YES;
				COPY_PHASE_STRIP = NO;
				DEBUG_INFORMATION_FORMAT = dwarf;
				ENABLE_STRICT_OBJC_MSGSEND = YES;
				ENABLE_TESTABILITY = YES;
				GCC_C_LANGUAGE_STANDARD = gnu11;
				GCC_DYNAMIC_NO_PIC = NO;
				GCC_NO_COMMON_BLOCKS = YES;
				GCC_OPTIMIZATION_LEVEL = 0;
				GCC_PREPROCESSOR_DEFINITIONS = (
					"DEBUG=1",
					"$(inherited)",
				);
				GCC_WARN_64_TO_32_BIT_CONVERSION = YES;
				GCC_WARN_ABOUT_RETURN_TYPE = YES_ERROR;
				GCC_WARN_UNDECLARED_SELECTOR = YES;
				GCC_WARN_UNINITIALIZED_AUTOS = YES_AGGRESSIVE;
				GCC_WARN_UNUSED_FUNCTION = YES;
				GCC_WARN_UNUSED_VARIABLE = YES;
				IPHONEOS_DEPLOYMENT_TARGET = 15.0;
				MTL_ENABLE_DEBUG_INFO = INCLUDE_SOURCE;
				MTL_FAST_MATH = YES;
				ONLY_ACTIVE_ARCH = YES;
				SDKROOT = iphoneos;
				SWIFT_ACTIVE_COMPILATION_CONDITIONS = DEBUG;
				SWIFT_OPTIMIZATION_LEVEL = "-Onone";
			};
			name = Debug;
		};
		32126323275C69F900C8AF91 /* Release */ = {
			isa = XCBuildConfiguration;
			buildSettings = {
				ALWAYS_SEARCH_USER_PATHS = NO;
				CLANG_ANALYZER_NONNULL = YES;
				CLANG_ANALYZER_NUMBER_OBJECT_CONVERSION = YES_AGGRESSIVE;
				CLANG_CXX_LANGUAGE_STANDARD = "gnu++17";
				CLANG_CXX_LIBRARY = "libc++";
				CLANG_ENABLE_MODULES = YES;
				CLANG_ENABLE_OBJC_ARC = YES;
				CLANG_ENABLE_OBJC_WEAK = YES;
				CLANG_WARN_BLOCK_CAPTURE_AUTORELEASING = YES;
				CLANG_WARN_BOOL_CONVERSION = YES;
				CLANG_WARN_COMMA = YES;
				CLANG_WARN_CONSTANT_CONVERSION = YES;
				CLANG_WARN_DEPRECATED_OBJC_IMPLEMENTATIONS = YES;
				CLANG_WARN_DIRECT_OBJC_ISA_USAGE = YES_ERROR;
				CLANG_WARN_DOCUMENTATION_COMMENTS = YES;
				CLANG_WARN_EMPTY_BODY = YES;
				CLANG_WARN_ENUM_CONVERSION = YES;
				CLANG_WARN_INFINITE_RECURSION = YES;
				CLANG_WARN_INT_CONVERSION = YES;
				CLANG_WARN_NON_LITERAL_NULL_CONVERSION = YES;
				CLANG_WARN_OBJC_IMPLICIT_RETAIN_SELF = YES;
				CLANG_WARN_OBJC_LITERAL_CONVERSION = YES;
				CLANG_WARN_OBJC_ROOT_CLASS = YES_ERROR;
				CLANG_WARN_QUOTED_INCLUDE_IN_FRAMEWORK_HEADER = YES;
				CLANG_WARN_RANGE_LOOP_ANALYSIS = YES;
				CLANG_WARN_STRICT_PROTOTYPES = YES;
				CLANG_WARN_SUSPICIOUS_MOVE = YES;
				CLANG_WARN_UNGUARDED_AVAILABILITY = YES_AGGRESSIVE;
				CLANG_WARN_UNREACHABLE_CODE = YES;
				CLANG_WARN__DUPLICATE_METHOD_MATCH = YES;
				COPY_PHASE_STRIP = NO;
				DEBUG_INFORMATION_FORMAT = "dwarf-with-dsym";
				ENABLE_NS_ASSERTIONS = NO;
				ENABLE_STRICT_OBJC_MSGSEND = YES;
				GCC_C_LANGUAGE_STANDARD = gnu11;
				GCC_NO_COMMON_BLOCKS = YES;
				GCC_WARN_64_TO_32_BIT_CONVERSION = YES;
				GCC_WARN_ABOUT_RETURN_TYPE = YES_ERROR;
				GCC_WARN_UNDECLARED_SELECTOR = YES;
				GCC_WARN_UNINITIALIZED_AUTOS = YES_AGGRESSIVE;
				GCC_WARN_UNUSED_FUNCTION = YES;
				GCC_WARN_UNUSED_VARIABLE = YES;
				IPHONEOS_DEPLOYMENT_TARGET = 15.0;
				MTL_ENABLE_DEBUG_INFO = NO;
				MTL_FAST_MATH = YES;
				SDKROOT = iphoneos;
				SWIFT_COMPILATION_MODE = wholemodule;
				SWIFT_OPTIMIZATION_LEVEL = "-O";
				VALIDATE_PRODUCT = YES;
			};
			name = Release;
		};
		32126325275C69F900C8AF91 /* Debug */ = {
			isa = XCBuildConfiguration;
			baseConfigurationReference = EEB934876563AAA271B4DA00 /* Pods-SampleExT1.debug.xcconfig */;
			buildSettings = {
				ASSETCATALOG_COMPILER_APPICON_NAME = AppIcon;
				ASSETCATALOG_COMPILER_GLOBAL_ACCENT_COLOR_NAME = AccentColor;
				CODE_SIGN_STYLE = Automatic;
				CURRENT_PROJECT_VERSION = 1;
				DEVELOPMENT_TEAM = XC5YC4D5MS;
				GENERATE_INFOPLIST_FILE = YES;
				INFOPLIST_FILE = SampleExT1/Info.plist;
				INFOPLIST_KEY_UIApplicationSupportsIndirectInputEvents = YES;
				INFOPLIST_KEY_UILaunchStoryboardName = LaunchScreen;
				INFOPLIST_KEY_UIMainStoryboardFile = Main;
				INFOPLIST_KEY_UISupportedInterfaceOrientations_iPad = "UIInterfaceOrientationPortrait UIInterfaceOrientationPortraitUpsideDown UIInterfaceOrientationLandscapeLeft UIInterfaceOrientationLandscapeRight";
				INFOPLIST_KEY_UISupportedInterfaceOrientations_iPhone = "UIInterfaceOrientationPortrait UIInterfaceOrientationLandscapeLeft UIInterfaceOrientationLandscapeRight";
				LD_RUNPATH_SEARCH_PATHS = (
					"$(inherited)",
					"@executable_path/Frameworks",
				);
				MARKETING_VERSION = 1.0;
				PRODUCT_BUNDLE_IDENTIFIER = jp.sfukase.SampleExT1;
				PRODUCT_NAME = "$(TARGET_NAME)";
				SWIFT_EMIT_LOC_STRINGS = YES;
				SWIFT_VERSION = 5.0;
				TARGETED_DEVICE_FAMILY = "1,2";
			};
			name = Debug;
		};
		32126326275C69F900C8AF91 /* Release */ = {
			isa = XCBuildConfiguration;
			baseConfigurationReference = FB2C5B6BDAB4BEDD67B0954F /* Pods-SampleExT1.release.xcconfig */;
			buildSettings = {
				ASSETCATALOG_COMPILER_APPICON_NAME = AppIcon;
				ASSETCATALOG_COMPILER_GLOBAL_ACCENT_COLOR_NAME = AccentColor;
				CODE_SIGN_STYLE = Automatic;
				CURRENT_PROJECT_VERSION = 1;
				DEVELOPMENT_TEAM = XC5YC4D5MS;
				GENERATE_INFOPLIST_FILE = YES;
				INFOPLIST_FILE = SampleExT1/Info.plist;
				INFOPLIST_KEY_UIApplicationSupportsIndirectInputEvents = YES;
				INFOPLIST_KEY_UILaunchStoryboardName = LaunchScreen;
				INFOPLIST_KEY_UIMainStoryboardFile = Main;
				INFOPLIST_KEY_UISupportedInterfaceOrientations_iPad = "UIInterfaceOrientationPortrait UIInterfaceOrientationPortraitUpsideDown UIInterfaceOrientationLandscapeLeft UIInterfaceOrientationLandscapeRight";
				INFOPLIST_KEY_UISupportedInterfaceOrientations_iPhone = "UIInterfaceOrientationPortrait UIInterfaceOrientationLandscapeLeft UIInterfaceOrientationLandscapeRight";
				LD_RUNPATH_SEARCH_PATHS = (
					"$(inherited)",
					"@executable_path/Frameworks",
				);
				MARKETING_VERSION = 1.0;
				PRODUCT_BUNDLE_IDENTIFIER = jp.sfukase.SampleExT1;
				PRODUCT_NAME = "$(TARGET_NAME)";
				SWIFT_EMIT_LOC_STRINGS = YES;
				SWIFT_VERSION = 5.0;
				TARGETED_DEVICE_FAMILY = "1,2";
			};
			name = Release;
		};
/* End XCBuildConfiguration section */

/* Begin XCConfigurationList section */
		3212630B275C69F700C8AF91 /* Build configuration list for PBXProject "SampleExT1" */ = {
			isa = XCConfigurationList;
			buildConfigurations = (
				32126322275C69F900C8AF91 /* Debug */,
				32126323275C69F900C8AF91 /* Release */,
			);
			defaultConfigurationIsVisible = 0;
			defaultConfigurationName = Release;
		};
		32126324275C69F900C8AF91 /* Build configuration list for PBXNativeTarget "SampleExT1" */ = {
			isa = XCConfigurationList;
			buildConfigurations = (
				32126325275C69F900C8AF91 /* Debug */,
				32126326275C69F900C8AF91 /* Release */,
			);
			defaultConfigurationIsVisible = 0;
			defaultConfigurationName = Release;
		};
/* End XCConfigurationList section */
	};
	rootObject = 32126308275C69F700C8AF91 /* Project object */;
}
